
Microsoft Visual Studio Solution File, Format Version 12.00
# Visual Studio 15
VisualStudioVersion = 15.0.28307.106
MinimumVisualStudioVersion = 10.0.40219.1
Project("{FAE04EC0-301F-11D3-BF4B-00C04F79EFBC}") = "Northwind.Data", "Northwind.Data\Northwind.Data.csproj", "{32699AEF-3A12-4A69-9F9C-428BD22A815A}"
EndProject
Project("{FAE04EC0-301F-11D3-BF4B-00C04F79EFBC}") = "Northwind.UI", "Northwind.UI\Northwind.UI.csproj", "{C88618D8-2B5A-4548-82C2-7BAACDF86C24}"
EndProject
Global
	GlobalSection(SolutionConfigurationPlatforms) = preSolution
		Debug|Any CPU = Debug|Any CPU
		Release|Any CPU = Release|Any CPU
	EndGlobalSection
	GlobalSection(ProjectConfigurationPlatforms) = postSolution
		{32699AEF-3A12-4A69-9F9C-428BD22A815A}.Debug|Any CPU.ActiveCfg = Debug|Any CPU
		{32699AEF-3A12-4A69-9F9C-428BD22A815A}.Debug|Any CPU.Build.0 = Debug|Any CPU
		{32699AEF-3A12-4A69-9F9C-428BD22A815A}.Release|Any CPU.ActiveCfg = Release|Any CPU
		{32699AEF-3A12-4A69-9F9C-428BD22A815A}.Release|Any CPU.Build.0 = Release|Any CPU
		{C88618D8-2B5A-4548-82C2-7BAACDF86C24}.Debug|Any CPU.ActiveCfg = Debug|Any CPU
		{C88618D8-2B5A-4548-82C2-7BAACDF86C24}.Debug|Any CPU.Build.0 = Debug|Any CPU
		{C88618D8-2B5A-4548-82C2-7BAACDF86C24}.Release|Any CPU.ActiveCfg = Release|Any CPU
		{C88618D8-2B5A-4548-82C2-7BAACDF86C24}.Release|Any CPU.Build.0 = Release|Any CPU
	EndGlobalSection
	GlobalSection(SolutionProperties) = preSolution
		HideSolutionNode = FALSE
	EndGlobalSection
	GlobalSection(ExtensibilityGlobals) = postSolution
		SolutionGuid = {D277C2F2-C713-4C18-8F44-D878414BE45B}
	EndGlobalSection
EndGlobal
